// !$*UTF8*$!
{
	archiveVersion = 1;
	classes = {
	};
	objectVersion = 50;
	objects = {

/* Begin PBXBuildFile section */
		9D108BC6000FC8E6CE7601C7 /* Pods_ALodjinha.framework in Frameworks */ = {isa = PBXBuildFile; fileRef = 40D816338FFC3A4875EF02C5 /* Pods_ALodjinha.framework */; };
		F0B58CAA233C235F008A7359 /* Pacifico-Regular.ttf in Resources */ = {isa = PBXBuildFile; fileRef = F0B58C60233C235F008A7359 /* Pacifico-Regular.ttf */; };
		F0B58CAB233C235F008A7359 /* UIStringExtension.swift in Sources */ = {isa = PBXBuildFile; fileRef = F0B58C63233C235F008A7359 /* UIStringExtension.swift */; };
		F0B58CAC233C235F008A7359 /* UITableViewExtension.swift in Sources */ = {isa = PBXBuildFile; fileRef = F0B58C64233C235F008A7359 /* UITableViewExtension.swift */; };
		F0B58CAD233C235F008A7359 /* ReusableView.swift in Sources */ = {isa = PBXBuildFile; fileRef = F0B58C65233C235F008A7359 /* ReusableView.swift */; };
		F0B58CAE233C235F008A7359 /* UICollectionViewExtension.swift in Sources */ = {isa = PBXBuildFile; fileRef = F0B58C66233C235F008A7359 /* UICollectionViewExtension.swift */; };
		F0B58CAF233C235F008A7359 /* UIFontExtension.swift in Sources */ = {isa = PBXBuildFile; fileRef = F0B58C67233C235F008A7359 /* UIFontExtension.swift */; };
		F0B58CB0233C235F008A7359 /* UIColorExtension+Theme.swift in Sources */ = {isa = PBXBuildFile; fileRef = F0B58C68233C235F008A7359 /* UIColorExtension+Theme.swift */; };
		F0B58CB1233C235F008A7359 /* UIViewControllerExtension+Loading.swift in Sources */ = {isa = PBXBuildFile; fileRef = F0B58C69233C235F008A7359 /* UIViewControllerExtension+Loading.swift */; };
		F0B58CB2233C235F008A7359 /* UIImageExtension.swift in Sources */ = {isa = PBXBuildFile; fileRef = F0B58C6A233C235F008A7359 /* UIImageExtension.swift */; };
		F0B58CB3233C235F008A7359 /* BaseViewController.swift in Sources */ = {isa = PBXBuildFile; fileRef = F0B58C6C233C235F008A7359 /* BaseViewController.swift */; };
		F0B58CB4233C235F008A7359 /* BaseAlert.swift in Sources */ = {isa = PBXBuildFile; fileRef = F0B58C6D233C235F008A7359 /* BaseAlert.swift */; };
		F0B58CB5233C235F008A7359 /* BaseNavigationController.swift in Sources */ = {isa = PBXBuildFile; fileRef = F0B58C6E233C235F008A7359 /* BaseNavigationController.swift */; };
		F0B58CB6233C235F008A7359 /* RestApiManager.swift in Sources */ = {isa = PBXBuildFile; fileRef = F0B58C70233C235F008A7359 /* RestApiManager.swift */; };
		F0B58CB7233C235F008A7359 /* HomeInteractor.swift in Sources */ = {isa = PBXBuildFile; fileRef = F0B58C73233C235F008A7359 /* HomeInteractor.swift */; };
		F0B58CB8233C235F008A7359 /* HomeRouter.swift in Sources */ = {isa = PBXBuildFile; fileRef = F0B58C74233C235F008A7359 /* HomeRouter.swift */; };
		F0B58CB9233C235F008A7359 /* HomeView.swift in Sources */ = {isa = PBXBuildFile; fileRef = F0B58C76233C235F008A7359 /* HomeView.swift */; };
		F0B58CBA233C235F008A7359 /* Home.storyboard in Resources */ = {isa = PBXBuildFile; fileRef = F0B58C77233C235F008A7359 /* Home.storyboard */; };
		F0B58CBB233C235F008A7359 /* ProductTableViewCell.swift in Sources */ = {isa = PBXBuildFile; fileRef = F0B58C7A233C235F008A7359 /* ProductTableViewCell.swift */; };
		F0B58CBC233C235F008A7359 /* ProductTableViewCell.xib in Resources */ = {isa = PBXBuildFile; fileRef = F0B58C7B233C235F008A7359 /* ProductTableViewCell.xib */; };
		F0B58CBD233C235F008A7359 /* BannerTableViewCell.xib in Resources */ = {isa = PBXBuildFile; fileRef = F0B58C7D233C235F008A7359 /* BannerTableViewCell.xib */; };
		F0B58CBE233C235F008A7359 /* BannerTableViewCell.swift in Sources */ = {isa = PBXBuildFile; fileRef = F0B58C7E233C235F008A7359 /* BannerTableViewCell.swift */; };
		F0B58CBF233C235F008A7359 /* ProductTableDataSource.swift in Sources */ = {isa = PBXBuildFile; fileRef = F0B58C7F233C235F008A7359 /* ProductTableDataSource.swift */; };
		F0B58CC0233C235F008A7359 /* CategoryCollectionViewCell.swift in Sources */ = {isa = PBXBuildFile; fileRef = F0B58C81233C235F008A7359 /* CategoryCollectionViewCell.swift */; };
		F0B58CC1233C235F008A7359 /* CategoryCollectionViewCell.xib in Resources */ = {isa = PBXBuildFile; fileRef = F0B58C82233C235F008A7359 /* CategoryCollectionViewCell.xib */; };
		F0B58CC2233C235F008A7359 /* CategoryTableViewCell.swift in Sources */ = {isa = PBXBuildFile; fileRef = F0B58C83233C235F008A7359 /* CategoryTableViewCell.swift */; };
		F0B58CC3233C235F008A7359 /* CategoryTableViewCell.xib in Resources */ = {isa = PBXBuildFile; fileRef = F0B58C84233C235F008A7359 /* CategoryTableViewCell.xib */; };
		F0B58CC4233C235F008A7359 /* HomePresenter.swift in Sources */ = {isa = PBXBuildFile; fileRef = F0B58C85233C235F008A7359 /* HomePresenter.swift */; };
		F0B58CC5233C235F008A7359 /* HomeProtocols.swift in Sources */ = {isa = PBXBuildFile; fileRef = F0B58C86233C235F008A7359 /* HomeProtocols.swift */; };
		F0B58CC6233C235F008A7359 /* ProductCategory.swift in Sources */ = {isa = PBXBuildFile; fileRef = F0B58C88233C235F008A7359 /* ProductCategory.swift */; };
		F0B58CC7233C235F008A7359 /* Product.swift in Sources */ = {isa = PBXBuildFile; fileRef = F0B58C89233C235F008A7359 /* Product.swift */; };
		F0B58CC8233C235F008A7359 /* Banner.swift in Sources */ = {isa = PBXBuildFile; fileRef = F0B58C8A233C235F008A7359 /* Banner.swift */; };
		F0B58CC9233C235F008A7359 /* CategoryView.swift in Sources */ = {isa = PBXBuildFile; fileRef = F0B58C8C233C235F008A7359 /* CategoryView.swift */; };
		F0B58CCA233C235F008A7359 /* CategoryInteractor.swift in Sources */ = {isa = PBXBuildFile; fileRef = F0B58C8D233C235F008A7359 /* CategoryInteractor.swift */; };
		F0B58CCB233C235F008A7359 /* Category.storyboard in Resources */ = {isa = PBXBuildFile; fileRef = F0B58C8E233C235F008A7359 /* Category.storyboard */; };
		F0B58CCC233C235F008A7359 /* CategoryPresenter.swift in Sources */ = {isa = PBXBuildFile; fileRef = F0B58C8F233C235F008A7359 /* CategoryPresenter.swift */; };
		F0B58CCD233C235F008A7359 /* CategoryProtocols.swift in Sources */ = {isa = PBXBuildFile; fileRef = F0B58C90233C235F008A7359 /* CategoryProtocols.swift */; };
		F0B58CCE233C235F008A7359 /* CategoryRouter.swift in Sources */ = {isa = PBXBuildFile; fileRef = F0B58C91233C235F008A7359 /* CategoryRouter.swift */; };
		F0B58CCF233C235F008A7359 /* AboutView.swift in Sources */ = {isa = PBXBuildFile; fileRef = F0B58C93233C235F008A7359 /* AboutView.swift */; };
		F0B58CD0233C235F008A7359 /* AboutRouter.swift in Sources */ = {isa = PBXBuildFile; fileRef = F0B58C94233C235F008A7359 /* AboutRouter.swift */; };
		F0B58CD1233C235F008A7359 /* About.storyboard in Resources */ = {isa = PBXBuildFile; fileRef = F0B58C95233C235F008A7359 /* About.storyboard */; };
		F0B58CD2233C235F008A7359 /* ProductDetailsInteractor.swift in Sources */ = {isa = PBXBuildFile; fileRef = F0B58C97233C235F008A7359 /* ProductDetailsInteractor.swift */; };
		F0B58CD3233C235F008A7359 /* ProductDetailsView.swift in Sources */ = {isa = PBXBuildFile; fileRef = F0B58C99233C235F008A7359 /* ProductDetailsView.swift */; };
		F0B58CD4233C235F008A7359 /* ProductImageTableViewCell.xib in Resources */ = {isa = PBXBuildFile; fileRef = F0B58C9B233C235F008A7359 /* ProductImageTableViewCell.xib */; };
		F0B58CD5233C235F008A7359 /* ProductDescriptionTableViewCell.swift in Sources */ = {isa = PBXBuildFile; fileRef = F0B58C9C233C235F008A7359 /* ProductDescriptionTableViewCell.swift */; };
		F0B58CD6233C235F008A7359 /* ProductDescriptionTableViewCell.xib in Resources */ = {isa = PBXBuildFile; fileRef = F0B58C9D233C235F008A7359 /* ProductDescriptionTableViewCell.xib */; };
		F0B58CD7233C235F008A7359 /* ProductPriceTableViewCell.swift in Sources */ = {isa = PBXBuildFile; fileRef = F0B58C9E233C235F008A7359 /* ProductPriceTableViewCell.swift */; };
		F0B58CD8233C235F008A7359 /* ProductPriceTableViewCell.xib in Resources */ = {isa = PBXBuildFile; fileRef = F0B58C9F233C235F008A7359 /* ProductPriceTableViewCell.xib */; };
		F0B58CD9233C235F008A7359 /* ProductImageTableViewCell.swift in Sources */ = {isa = PBXBuildFile; fileRef = F0B58CA0233C235F008A7359 /* ProductImageTableViewCell.swift */; };
		F0B58CDA233C235F008A7359 /* ProductDetailsDataSource.swift in Sources */ = {isa = PBXBuildFile; fileRef = F0B58CA1233C235F008A7359 /* ProductDetailsDataSource.swift */; };
		F0B58CDB233C235F008A7359 /* ProductDetails.storyboard in Resources */ = {isa = PBXBuildFile; fileRef = F0B58CA2233C235F008A7359 /* ProductDetails.storyboard */; };
		F0B58CDC233C235F008A7359 /* ProductDetailsProtocols.swift in Sources */ = {isa = PBXBuildFile; fileRef = F0B58CA3233C235F008A7359 /* ProductDetailsProtocols.swift */; };
		F0B58CDD233C235F008A7359 /* ProductDetailsRouter.swift in Sources */ = {isa = PBXBuildFile; fileRef = F0B58CA4233C235F008A7359 /* ProductDetailsRouter.swift */; };
		F0B58CDE233C235F008A7359 /* ProductDetailsPresenter.swift in Sources */ = {isa = PBXBuildFile; fileRef = F0B58CA5233C235F008A7359 /* ProductDetailsPresenter.swift */; };
		F0B58CDF233C235F008A7359 /* Main.storyboard in Resources */ = {isa = PBXBuildFile; fileRef = F0B58CA7233C235F008A7359 /* Main.storyboard */; };
		F0B58CE0233C235F008A7359 /* MainView.swift in Sources */ = {isa = PBXBuildFile; fileRef = F0B58CA9233C235F008A7359 /* MainView.swift */; };
		F0B58CE2233C2389008A7359 /* ThemeManager.swift in Sources */ = {isa = PBXBuildFile; fileRef = F0B58CE1233C2389008A7359 /* ThemeManager.swift */; };
		F0D6BEEA233DA4A000AD203C /* UIViewExtension.swift in Sources */ = {isa = PBXBuildFile; fileRef = F0D6BEE9233DA4A000AD203C /* UIViewExtension.swift */; };
		F0DA5A3A233B017B00B87C85 /* AppDelegate.swift in Sources */ = {isa = PBXBuildFile; fileRef = F0DA5A39233B017B00B87C85 /* AppDelegate.swift */; };
		F0DA5A41233B017C00B87C85 /* Assets.xcassets in Resources */ = {isa = PBXBuildFile; fileRef = F0DA5A40233B017C00B87C85 /* Assets.xcassets */; };
		F0DA5A44233B017C00B87C85 /* LaunchScreen.storyboard in Resources */ = {isa = PBXBuildFile; fileRef = F0DA5A42233B017C00B87C85 /* LaunchScreen.storyboard */; };
		F0DA5A4F233B017D00B87C85 /* ALodjinhaTests.swift in Sources */ = {isa = PBXBuildFile; fileRef = F0DA5A4E233B017D00B87C85 /* ALodjinhaTests.swift */; };
		F0DA5A5A233B017D00B87C85 /* ALodjinhaUITests.swift in Sources */ = {isa = PBXBuildFile; fileRef = F0DA5A59233B017D00B87C85 /* ALodjinhaUITests.swift */; };
/* End PBXBuildFile section */

/* Begin PBXContainerItemProxy section */
		F0DA5A4B233B017D00B87C85 /* PBXContainerItemProxy */ = {
			isa = PBXContainerItemProxy;
			containerPortal = F0DA5A2E233B017B00B87C85 /* Project object */;
			proxyType = 1;
			remoteGlobalIDString = F0DA5A35233B017B00B87C85;
			remoteInfo = ALodjinha;
		};
		F0DA5A56233B017D00B87C85 /* PBXContainerItemProxy */ = {
			isa = PBXContainerItemProxy;
			containerPortal = F0DA5A2E233B017B00B87C85 /* Project object */;
			proxyType = 1;
			remoteGlobalIDString = F0DA5A35233B017B00B87C85;
			remoteInfo = ALodjinha;
		};
/* End PBXContainerItemProxy section */

/* Begin PBXFileReference section */
		2400238DA5EA0883482EBAEB /* Pods-ALodjinha.release.xcconfig */ = {isa = PBXFileReference; includeInIndex = 1; lastKnownFileType = text.xcconfig; name = "Pods-ALodjinha.release.xcconfig"; path = "Target Support Files/Pods-ALodjinha/Pods-ALodjinha.release.xcconfig"; sourceTree = "<group>"; };
		40D816338FFC3A4875EF02C5 /* Pods_ALodjinha.framework */ = {isa = PBXFileReference; explicitFileType = wrapper.framework; includeInIndex = 0; path = Pods_ALodjinha.framework; sourceTree = BUILT_PRODUCTS_DIR; };
		8AD94B9E15A4B01A88172FA0 /* Pods-ALodjinha.debug.xcconfig */ = {isa = PBXFileReference; includeInIndex = 1; lastKnownFileType = text.xcconfig; name = "Pods-ALodjinha.debug.xcconfig"; path = "Target Support Files/Pods-ALodjinha/Pods-ALodjinha.debug.xcconfig"; sourceTree = "<group>"; };
		F0B58C60233C235F008A7359 /* Pacifico-Regular.ttf */ = {isa = PBXFileReference; lastKnownFileType = file; path = "Pacifico-Regular.ttf"; sourceTree = "<group>"; };
		F0B58C63233C235F008A7359 /* UIStringExtension.swift */ = {isa = PBXFileReference; fileEncoding = 4; lastKnownFileType = sourcecode.swift; path = UIStringExtension.swift; sourceTree = "<group>"; };
		F0B58C64233C235F008A7359 /* UITableViewExtension.swift */ = {isa = PBXFileReference; fileEncoding = 4; lastKnownFileType = sourcecode.swift; path = UITableViewExtension.swift; sourceTree = "<group>"; };
		F0B58C65233C235F008A7359 /* ReusableView.swift */ = {isa = PBXFileReference; fileEncoding = 4; lastKnownFileType = sourcecode.swift; path = ReusableView.swift; sourceTree = "<group>"; };
		F0B58C66233C235F008A7359 /* UICollectionViewExtension.swift */ = {isa = PBXFileReference; fileEncoding = 4; lastKnownFileType = sourcecode.swift; path = UICollectionViewExtension.swift; sourceTree = "<group>"; };
		F0B58C67233C235F008A7359 /* UIFontExtension.swift */ = {isa = PBXFileReference; fileEncoding = 4; lastKnownFileType = sourcecode.swift; path = UIFontExtension.swift; sourceTree = "<group>"; };
		F0B58C68233C235F008A7359 /* UIColorExtension+Theme.swift */ = {isa = PBXFileReference; fileEncoding = 4; lastKnownFileType = sourcecode.swift; path = "UIColorExtension+Theme.swift"; sourceTree = "<group>"; };
		F0B58C69233C235F008A7359 /* UIViewControllerExtension+Loading.swift */ = {isa = PBXFileReference; fileEncoding = 4; lastKnownFileType = sourcecode.swift; path = "UIViewControllerExtension+Loading.swift"; sourceTree = "<group>"; };
		F0B58C6A233C235F008A7359 /* UIImageExtension.swift */ = {isa = PBXFileReference; fileEncoding = 4; lastKnownFileType = sourcecode.swift; path = UIImageExtension.swift; sourceTree = "<group>"; };
		F0B58C6C233C235F008A7359 /* BaseViewController.swift */ = {isa = PBXFileReference; fileEncoding = 4; lastKnownFileType = sourcecode.swift; path = BaseViewController.swift; sourceTree = "<group>"; };
		F0B58C6D233C235F008A7359 /* BaseAlert.swift */ = {isa = PBXFileReference; fileEncoding = 4; lastKnownFileType = sourcecode.swift; path = BaseAlert.swift; sourceTree = "<group>"; };
		F0B58C6E233C235F008A7359 /* BaseNavigationController.swift */ = {isa = PBXFileReference; fileEncoding = 4; lastKnownFileType = sourcecode.swift; path = BaseNavigationController.swift; sourceTree = "<group>"; };
		F0B58C70233C235F008A7359 /* RestApiManager.swift */ = {isa = PBXFileReference; fileEncoding = 4; lastKnownFileType = sourcecode.swift; path = RestApiManager.swift; sourceTree = "<group>"; };
		F0B58C73233C235F008A7359 /* HomeInteractor.swift */ = {isa = PBXFileReference; fileEncoding = 4; lastKnownFileType = sourcecode.swift; path = HomeInteractor.swift; sourceTree = "<group>"; };
		F0B58C74233C235F008A7359 /* HomeRouter.swift */ = {isa = PBXFileReference; fileEncoding = 4; lastKnownFileType = sourcecode.swift; path = HomeRouter.swift; sourceTree = "<group>"; };
		F0B58C76233C235F008A7359 /* HomeView.swift */ = {isa = PBXFileReference; fileEncoding = 4; lastKnownFileType = sourcecode.swift; path = HomeView.swift; sourceTree = "<group>"; };
		F0B58C77233C235F008A7359 /* Home.storyboard */ = {isa = PBXFileReference; fileEncoding = 4; lastKnownFileType = file.storyboard; path = Home.storyboard; sourceTree = "<group>"; };
		F0B58C7A233C235F008A7359 /* ProductTableViewCell.swift */ = {isa = PBXFileReference; fileEncoding = 4; lastKnownFileType = sourcecode.swift; path = ProductTableViewCell.swift; sourceTree = "<group>"; };
		F0B58C7B233C235F008A7359 /* ProductTableViewCell.xib */ = {isa = PBXFileReference; fileEncoding = 4; lastKnownFileType = file.xib; path = ProductTableViewCell.xib; sourceTree = "<group>"; };
		F0B58C7D233C235F008A7359 /* BannerTableViewCell.xib */ = {isa = PBXFileReference; fileEncoding = 4; lastKnownFileType = file.xib; path = BannerTableViewCell.xib; sourceTree = "<group>"; };
		F0B58C7E233C235F008A7359 /* BannerTableViewCell.swift */ = {isa = PBXFileReference; fileEncoding = 4; lastKnownFileType = sourcecode.swift; path = BannerTableViewCell.swift; sourceTree = "<group>"; };
		F0B58C7F233C235F008A7359 /* ProductTableDataSource.swift */ = {isa = PBXFileReference; fileEncoding = 4; lastKnownFileType = sourcecode.swift; path = ProductTableDataSource.swift; sourceTree = "<group>"; };
		F0B58C81233C235F008A7359 /* CategoryCollectionViewCell.swift */ = {isa = PBXFileReference; fileEncoding = 4; lastKnownFileType = sourcecode.swift; path = CategoryCollectionViewCell.swift; sourceTree = "<group>"; };
		F0B58C82233C235F008A7359 /* CategoryCollectionViewCell.xib */ = {isa = PBXFileReference; fileEncoding = 4; lastKnownFileType = file.xib; path = CategoryCollectionViewCell.xib; sourceTree = "<group>"; };
		F0B58C83233C235F008A7359 /* CategoryTableViewCell.swift */ = {isa = PBXFileReference; fileEncoding = 4; lastKnownFileType = sourcecode.swift; path = CategoryTableViewCell.swift; sourceTree = "<group>"; };
		F0B58C84233C235F008A7359 /* CategoryTableViewCell.xib */ = {isa = PBXFileReference; fileEncoding = 4; lastKnownFileType = file.xib; path = CategoryTableViewCell.xib; sourceTree = "<group>"; };
		F0B58C85233C235F008A7359 /* HomePresenter.swift */ = {isa = PBXFileReference; fileEncoding = 4; lastKnownFileType = sourcecode.swift; path = HomePresenter.swift; sourceTree = "<group>"; };
		F0B58C86233C235F008A7359 /* HomeProtocols.swift */ = {isa = PBXFileReference; fileEncoding = 4; lastKnownFileType = sourcecode.swift; path = HomeProtocols.swift; sourceTree = "<group>"; };
		F0B58C88233C235F008A7359 /* ProductCategory.swift */ = {isa = PBXFileReference; fileEncoding = 4; lastKnownFileType = sourcecode.swift; path = ProductCategory.swift; sourceTree = "<group>"; };
		F0B58C89233C235F008A7359 /* Product.swift */ = {isa = PBXFileReference; fileEncoding = 4; lastKnownFileType = sourcecode.swift; path = Product.swift; sourceTree = "<group>"; };
		F0B58C8A233C235F008A7359 /* Banner.swift */ = {isa = PBXFileReference; fileEncoding = 4; lastKnownFileType = sourcecode.swift; path = Banner.swift; sourceTree = "<group>"; };
		F0B58C8C233C235F008A7359 /* CategoryView.swift */ = {isa = PBXFileReference; fileEncoding = 4; lastKnownFileType = sourcecode.swift; path = CategoryView.swift; sourceTree = "<group>"; };
		F0B58C8D233C235F008A7359 /* CategoryInteractor.swift */ = {isa = PBXFileReference; fileEncoding = 4; lastKnownFileType = sourcecode.swift; path = CategoryInteractor.swift; sourceTree = "<group>"; };
		F0B58C8E233C235F008A7359 /* Category.storyboard */ = {isa = PBXFileReference; fileEncoding = 4; lastKnownFileType = file.storyboard; path = Category.storyboard; sourceTree = "<group>"; };
		F0B58C8F233C235F008A7359 /* CategoryPresenter.swift */ = {isa = PBXFileReference; fileEncoding = 4; lastKnownFileType = sourcecode.swift; path = CategoryPresenter.swift; sourceTree = "<group>"; };
		F0B58C90233C235F008A7359 /* CategoryProtocols.swift */ = {isa = PBXFileReference; fileEncoding = 4; lastKnownFileType = sourcecode.swift; path = CategoryProtocols.swift; sourceTree = "<group>"; };
		F0B58C91233C235F008A7359 /* CategoryRouter.swift */ = {isa = PBXFileReference; fileEncoding = 4; lastKnownFileType = sourcecode.swift; path = CategoryRouter.swift; sourceTree = "<group>"; };
		F0B58C93233C235F008A7359 /* AboutView.swift */ = {isa = PBXFileReference; fileEncoding = 4; lastKnownFileType = sourcecode.swift; path = AboutView.swift; sourceTree = "<group>"; };
		F0B58C94233C235F008A7359 /* AboutRouter.swift */ = {isa = PBXFileReference; fileEncoding = 4; lastKnownFileType = sourcecode.swift; path = AboutRouter.swift; sourceTree = "<group>"; };
		F0B58C95233C235F008A7359 /* About.storyboard */ = {isa = PBXFileReference; fileEncoding = 4; lastKnownFileType = file.storyboard; path = About.storyboard; sourceTree = "<group>"; };
		F0B58C97233C235F008A7359 /* ProductDetailsInteractor.swift */ = {isa = PBXFileReference; fileEncoding = 4; lastKnownFileType = sourcecode.swift; path = ProductDetailsInteractor.swift; sourceTree = "<group>"; };
		F0B58C99233C235F008A7359 /* ProductDetailsView.swift */ = {isa = PBXFileReference; fileEncoding = 4; lastKnownFileType = sourcecode.swift; path = ProductDetailsView.swift; sourceTree = "<group>"; };
		F0B58C9B233C235F008A7359 /* ProductImageTableViewCell.xib */ = {isa = PBXFileReference; fileEncoding = 4; lastKnownFileType = file.xib; path = ProductImageTableViewCell.xib; sourceTree = "<group>"; };
		F0B58C9C233C235F008A7359 /* ProductDescriptionTableViewCell.swift */ = {isa = PBXFileReference; fileEncoding = 4; lastKnownFileType = sourcecode.swift; path = ProductDescriptionTableViewCell.swift; sourceTree = "<group>"; };
		F0B58C9D233C235F008A7359 /* ProductDescriptionTableViewCell.xib */ = {isa = PBXFileReference; fileEncoding = 4; lastKnownFileType = file.xib; path = ProductDescriptionTableViewCell.xib; sourceTree = "<group>"; };
		F0B58C9E233C235F008A7359 /* ProductPriceTableViewCell.swift */ = {isa = PBXFileReference; fileEncoding = 4; lastKnownFileType = sourcecode.swift; path = ProductPriceTableViewCell.swift; sourceTree = "<group>"; };
		F0B58C9F233C235F008A7359 /* ProductPriceTableViewCell.xib */ = {isa = PBXFileReference; fileEncoding = 4; lastKnownFileType = file.xib; path = ProductPriceTableViewCell.xib; sourceTree = "<group>"; };
		F0B58CA0233C235F008A7359 /* ProductImageTableViewCell.swift */ = {isa = PBXFileReference; fileEncoding = 4; lastKnownFileType = sourcecode.swift; path = ProductImageTableViewCell.swift; sourceTree = "<group>"; };
		F0B58CA1233C235F008A7359 /* ProductDetailsDataSource.swift */ = {isa = PBXFileReference; fileEncoding = 4; lastKnownFileType = sourcecode.swift; path = ProductDetailsDataSource.swift; sourceTree = "<group>"; };
		F0B58CA2233C235F008A7359 /* ProductDetails.storyboard */ = {isa = PBXFileReference; fileEncoding = 4; lastKnownFileType = file.storyboard; path = ProductDetails.storyboard; sourceTree = "<group>"; };
		F0B58CA3233C235F008A7359 /* ProductDetailsProtocols.swift */ = {isa = PBXFileReference; fileEncoding = 4; lastKnownFileType = sourcecode.swift; path = ProductDetailsProtocols.swift; sourceTree = "<group>"; };
		F0B58CA4233C235F008A7359 /* ProductDetailsRouter.swift */ = {isa = PBXFileReference; fileEncoding = 4; lastKnownFileType = sourcecode.swift; path = ProductDetailsRouter.swift; sourceTree = "<group>"; };
		F0B58CA5233C235F008A7359 /* ProductDetailsPresenter.swift */ = {isa = PBXFileReference; fileEncoding = 4; lastKnownFileType = sourcecode.swift; path = ProductDetailsPresenter.swift; sourceTree = "<group>"; };
		F0B58CA8233C235F008A7359 /* Base */ = {isa = PBXFileReference; lastKnownFileType = file.storyboard; name = Base; path = Base.lproj/Main.storyboard; sourceTree = "<group>"; };
		F0B58CA9233C235F008A7359 /* MainView.swift */ = {isa = PBXFileReference; fileEncoding = 4; lastKnownFileType = sourcecode.swift; path = MainView.swift; sourceTree = "<group>"; };
		F0B58CE1233C2389008A7359 /* ThemeManager.swift */ = {isa = PBXFileReference; lastKnownFileType = sourcecode.swift; path = ThemeManager.swift; sourceTree = "<group>"; };
		F0D6BEE9233DA4A000AD203C /* UIViewExtension.swift */ = {isa = PBXFileReference; lastKnownFileType = sourcecode.swift; path = UIViewExtension.swift; sourceTree = "<group>"; };
		F0DA5A36233B017B00B87C85 /* ALodjinha.app */ = {isa = PBXFileReference; explicitFileType = wrapper.application; includeInIndex = 0; path = ALodjinha.app; sourceTree = BUILT_PRODUCTS_DIR; };
		F0DA5A39233B017B00B87C85 /* AppDelegate.swift */ = {isa = PBXFileReference; lastKnownFileType = sourcecode.swift; path = AppDelegate.swift; sourceTree = "<group>"; };
		F0DA5A40233B017C00B87C85 /* Assets.xcassets */ = {isa = PBXFileReference; lastKnownFileType = folder.assetcatalog; path = Assets.xcassets; sourceTree = "<group>"; };
		F0DA5A43233B017C00B87C85 /* Base */ = {isa = PBXFileReference; lastKnownFileType = file.storyboard; name = Base; path = Base.lproj/LaunchScreen.storyboard; sourceTree = "<group>"; };
		F0DA5A45233B017C00B87C85 /* Info.plist */ = {isa = PBXFileReference; lastKnownFileType = text.plist.xml; path = Info.plist; sourceTree = "<group>"; };
		F0DA5A4A233B017D00B87C85 /* ALodjinhaTests.xctest */ = {isa = PBXFileReference; explicitFileType = wrapper.cfbundle; includeInIndex = 0; path = ALodjinhaTests.xctest; sourceTree = BUILT_PRODUCTS_DIR; };
		F0DA5A4E233B017D00B87C85 /* ALodjinhaTests.swift */ = {isa = PBXFileReference; lastKnownFileType = sourcecode.swift; path = ALodjinhaTests.swift; sourceTree = "<group>"; };
		F0DA5A50233B017D00B87C85 /* Info.plist */ = {isa = PBXFileReference; lastKnownFileType = text.plist.xml; path = Info.plist; sourceTree = "<group>"; };
		F0DA5A55233B017D00B87C85 /* ALodjinhaUITests.xctest */ = {isa = PBXFileReference; explicitFileType = wrapper.cfbundle; includeInIndex = 0; path = ALodjinhaUITests.xctest; sourceTree = BUILT_PRODUCTS_DIR; };
		F0DA5A59233B017D00B87C85 /* ALodjinhaUITests.swift */ = {isa = PBXFileReference; lastKnownFileType = sourcecode.swift; path = ALodjinhaUITests.swift; sourceTree = "<group>"; };
		F0DA5A5B233B017D00B87C85 /* Info.plist */ = {isa = PBXFileReference; lastKnownFileType = text.plist.xml; path = Info.plist; sourceTree = "<group>"; };
/* End PBXFileReference section */

/* Begin PBXFrameworksBuildPhase section */
		F0DA5A33233B017B00B87C85 /* Frameworks */ = {
			isa = PBXFrameworksBuildPhase;
			buildActionMask = 2147483647;
			files = (
				9D108BC6000FC8E6CE7601C7 /* Pods_ALodjinha.framework in Frameworks */,
			);
			runOnlyForDeploymentPostprocessing = 0;
		};
		F0DA5A47233B017D00B87C85 /* Frameworks */ = {
			isa = PBXFrameworksBuildPhase;
			buildActionMask = 2147483647;
			files = (
			);
			runOnlyForDeploymentPostprocessing = 0;
		};
		F0DA5A52233B017D00B87C85 /* Frameworks */ = {
			isa = PBXFrameworksBuildPhase;
			buildActionMask = 2147483647;
			files = (
			);
			runOnlyForDeploymentPostprocessing = 0;
		};
/* End PBXFrameworksBuildPhase section */

/* Begin PBXGroup section */
		72BD163587C615F78DED9ECA /* Pods */ = {
			isa = PBXGroup;
			children = (
				8AD94B9E15A4B01A88172FA0 /* Pods-ALodjinha.debug.xcconfig */,
				2400238DA5EA0883482EBAEB /* Pods-ALodjinha.release.xcconfig */,
			);
			path = Pods;
			sourceTree = "<group>";
		};
		9289F81DA9CC577AE63AE3F8 /* Frameworks */ = {
			isa = PBXGroup;
			children = (
				40D816338FFC3A4875EF02C5 /* Pods_ALodjinha.framework */,
			);
			name = Frameworks;
			sourceTree = "<group>";
		};
		F0B58C5F233C235F008A7359 /* Font */ = {
			isa = PBXGroup;
			children = (
				F0B58C60233C235F008A7359 /* Pacifico-Regular.ttf */,
			);
			path = Font;
			sourceTree = "<group>";
		};
		F0B58C61233C235F008A7359 /* Utils */ = {
			isa = PBXGroup;
			children = (
				F0D6BEE8233DA47A00AD203C /* Reusable */,
				F0B58C62233C235F008A7359 /* Extensions */,
				F0B58C6B233C235F008A7359 /* Base */,
			);
			path = Utils;
			sourceTree = "<group>";
		};
		F0B58C62233C235F008A7359 /* Extensions */ = {
			isa = PBXGroup;
			children = (
				F0B58C66233C235F008A7359 /* UICollectionViewExtension.swift */,
				F0B58C68233C235F008A7359 /* UIColorExtension+Theme.swift */,
				F0B58C67233C235F008A7359 /* UIFontExtension.swift */,
				F0B58C6A233C235F008A7359 /* UIImageExtension.swift */,
				F0B58C63233C235F008A7359 /* UIStringExtension.swift */,
				F0B58C64233C235F008A7359 /* UITableViewExtension.swift */,
				F0B58C69233C235F008A7359 /* UIViewControllerExtension+Loading.swift */,
				F0D6BEE9233DA4A000AD203C /* UIViewExtension.swift */,
			);
			path = Extensions;
			sourceTree = "<group>";
		};
		F0B58C6B233C235F008A7359 /* Base */ = {
			isa = PBXGroup;
			children = (
				F0B58C6C233C235F008A7359 /* BaseViewController.swift */,
				F0B58C6D233C235F008A7359 /* BaseAlert.swift */,
				F0B58C6E233C235F008A7359 /* BaseNavigationController.swift */,
			);
			path = Base;
			sourceTree = "<group>";
		};
		F0B58C6F233C235F008A7359 /* Manager */ = {
			isa = PBXGroup;
			children = (
				F0B58C70233C235F008A7359 /* RestApiManager.swift */,
				F0B58CE1233C2389008A7359 /* ThemeManager.swift */,
			);
			path = Manager;
			sourceTree = "<group>";
		};
		F0B58C71233C235F008A7359 /* Modules */ = {
			isa = PBXGroup;
			children = (
				F0B58C92233C235F008A7359 /* About */,
				F0B58C8B233C235F008A7359 /* Category */,
				F0B58C72233C235F008A7359 /* Home */,
				F0B58CA6233C235F008A7359 /* Main */,
				F0B58C96233C235F008A7359 /* ProductDetails */,
			);
			path = Modules;
			sourceTree = "<group>";
		};
		F0B58C72233C235F008A7359 /* Home */ = {
			isa = PBXGroup;
			children = (
				F0B58C73233C235F008A7359 /* HomeInteractor.swift */,
				F0B58C85233C235F008A7359 /* HomePresenter.swift */,
				F0B58C86233C235F008A7359 /* HomeProtocols.swift */,
				F0B58C74233C235F008A7359 /* HomeRouter.swift */,
				F0B58C87233C235F008A7359 /* Entities */,
				F0B58C75233C235F008A7359 /* View */,
			);
			path = Home;
			sourceTree = "<group>";
		};
		F0B58C75233C235F008A7359 /* View */ = {
			isa = PBXGroup;
			children = (
				F0B58C76233C235F008A7359 /* HomeView.swift */,
				F0B58C77233C235F008A7359 /* Home.storyboard */,
				F0B58C78233C235F008A7359 /* ProductTable */,
			);
			path = View;
			sourceTree = "<group>";
		};
		F0B58C78233C235F008A7359 /* ProductTable */ = {
			isa = PBXGroup;
			children = (
				F0B58C7F233C235F008A7359 /* ProductTableDataSource.swift */,
				F0B58C7C233C235F008A7359 /* BannerSection */,
				F0B58C80233C235F008A7359 /* CategorySection */,
				F0B58C79233C235F008A7359 /* ProcutSection */,
			);
			path = ProductTable;
			sourceTree = "<group>";
		};
		F0B58C79233C235F008A7359 /* ProcutSection */ = {
			isa = PBXGroup;
			children = (
				F0B58C7A233C235F008A7359 /* ProductTableViewCell.swift */,
				F0B58C7B233C235F008A7359 /* ProductTableViewCell.xib */,
			);
			path = ProcutSection;
			sourceTree = "<group>";
		};
		F0B58C7C233C235F008A7359 /* BannerSection */ = {
			isa = PBXGroup;
			children = (
				F0B58C7E233C235F008A7359 /* BannerTableViewCell.swift */,
				F0B58C7D233C235F008A7359 /* BannerTableViewCell.xib */,
			);
			path = BannerSection;
			sourceTree = "<group>";
		};
		F0B58C80233C235F008A7359 /* CategorySection */ = {
			isa = PBXGroup;
			children = (
				F0B58C81233C235F008A7359 /* CategoryCollectionViewCell.swift */,
				F0B58C82233C235F008A7359 /* CategoryCollectionViewCell.xib */,
				F0B58C83233C235F008A7359 /* CategoryTableViewCell.swift */,
				F0B58C84233C235F008A7359 /* CategoryTableViewCell.xib */,
			);
			path = CategorySection;
			sourceTree = "<group>";
		};
		F0B58C87233C235F008A7359 /* Entities */ = {
			isa = PBXGroup;
			children = (
				F0B58C88233C235F008A7359 /* ProductCategory.swift */,
				F0B58C89233C235F008A7359 /* Product.swift */,
				F0B58C8A233C235F008A7359 /* Banner.swift */,
			);
			path = Entities;
			sourceTree = "<group>";
		};
		F0B58C8B233C235F008A7359 /* Category */ = {
			isa = PBXGroup;
			children = (
				F0B58C8C233C235F008A7359 /* CategoryView.swift */,
				F0B58C8D233C235F008A7359 /* CategoryInteractor.swift */,
				F0B58C8E233C235F008A7359 /* Category.storyboard */,
				F0B58C8F233C235F008A7359 /* CategoryPresenter.swift */,
				F0B58C90233C235F008A7359 /* CategoryProtocols.swift */,
				F0B58C91233C235F008A7359 /* CategoryRouter.swift */,
			);
			path = Category;
			sourceTree = "<group>";
		};
		F0B58C92233C235F008A7359 /* About */ = {
			isa = PBXGroup;
			children = (
				F0B58C93233C235F008A7359 /* AboutView.swift */,
				F0B58C94233C235F008A7359 /* AboutRouter.swift */,
				F0B58C95233C235F008A7359 /* About.storyboard */,
			);
			path = About;
			sourceTree = "<group>";
		};
		F0B58C96233C235F008A7359 /* ProductDetails */ = {
			isa = PBXGroup;
			children = (
				F0B58C97233C235F008A7359 /* ProductDetailsInteractor.swift */,
				F0B58CA5233C235F008A7359 /* ProductDetailsPresenter.swift */,
				F0B58CA3233C235F008A7359 /* ProductDetailsProtocols.swift */,
				F0B58CA4233C235F008A7359 /* ProductDetailsRouter.swift */,
				F0B58C98233C235F008A7359 /* View */,
			);
			path = ProductDetails;
			sourceTree = "<group>";
		};
		F0B58C98233C235F008A7359 /* View */ = {
			isa = PBXGroup;
			children = (
				F0B58CA2233C235F008A7359 /* ProductDetails.storyboard */,
				F0B58CA1233C235F008A7359 /* ProductDetailsDataSource.swift */,
				F0B58C99233C235F008A7359 /* ProductDetailsView.swift */,
				F0B58C9A233C235F008A7359 /* Cell */,
			);
			path = View;
			sourceTree = "<group>";
		};
		F0B58C9A233C235F008A7359 /* Cell */ = {
			isa = PBXGroup;
			children = (
				F0B58C9C233C235F008A7359 /* ProductDescriptionTableViewCell.swift */,
				F0B58C9D233C235F008A7359 /* ProductDescriptionTableViewCell.xib */,
				F0B58CA0233C235F008A7359 /* ProductImageTableViewCell.swift */,
				F0B58C9B233C235F008A7359 /* ProductImageTableViewCell.xib */,
				F0B58C9E233C235F008A7359 /* ProductPriceTableViewCell.swift */,
				F0B58C9F233C235F008A7359 /* ProductPriceTableViewCell.xib */,
			);
			path = Cell;
			sourceTree = "<group>";
		};
		F0B58CA6233C235F008A7359 /* Main */ = {
			isa = PBXGroup;
			children = (
				F0B58CA7233C235F008A7359 /* Main.storyboard */,
				F0B58CA9233C235F008A7359 /* MainView.swift */,
			);
			path = Main;
			sourceTree = "<group>";
		};
		F0D6BEE8233DA47A00AD203C /* Reusable */ = {
			isa = PBXGroup;
			children = (
				F0B58C65233C235F008A7359 /* ReusableView.swift */,
			);
			path = Reusable;
			sourceTree = "<group>";
		};
		F0DA5A2D233B017B00B87C85 = {
			isa = PBXGroup;
			children = (
				F0DA5A38233B017B00B87C85 /* ALodjinha */,
				F0DA5A4D233B017D00B87C85 /* ALodjinhaTests */,
				F0DA5A58233B017D00B87C85 /* ALodjinhaUITests */,
				F0DA5A37233B017B00B87C85 /* Products */,
				72BD163587C615F78DED9ECA /* Pods */,
				9289F81DA9CC577AE63AE3F8 /* Frameworks */,
			);
			sourceTree = "<group>";
		};
		F0DA5A37233B017B00B87C85 /* Products */ = {
			isa = PBXGroup;
			children = (
				F0DA5A36233B017B00B87C85 /* ALodjinha.app */,
				F0DA5A4A233B017D00B87C85 /* ALodjinhaTests.xctest */,
				F0DA5A55233B017D00B87C85 /* ALodjinhaUITests.xctest */,
			);
			name = Products;
			sourceTree = "<group>";
		};
		F0DA5A38233B017B00B87C85 /* ALodjinha */ = {
			isa = PBXGroup;
			children = (
				F0B58C5F233C235F008A7359 /* Font */,
				F0B58C6F233C235F008A7359 /* Manager */,
				F0B58C71233C235F008A7359 /* Modules */,
				F0B58C61233C235F008A7359 /* Utils */,
				F0DA5A39233B017B00B87C85 /* AppDelegate.swift */,
				F0DA5A40233B017C00B87C85 /* Assets.xcassets */,
				F0DA5A42233B017C00B87C85 /* LaunchScreen.storyboard */,
				F0DA5A45233B017C00B87C85 /* Info.plist */,
			);
			path = ALodjinha;
			sourceTree = "<group>";
		};
		F0DA5A4D233B017D00B87C85 /* ALodjinhaTests */ = {
			isa = PBXGroup;
			children = (
				F0DA5A4E233B017D00B87C85 /* ALodjinhaTests.swift */,
				F0DA5A50233B017D00B87C85 /* Info.plist */,
			);
			path = ALodjinhaTests;
			sourceTree = "<group>";
		};
		F0DA5A58233B017D00B87C85 /* ALodjinhaUITests */ = {
			isa = PBXGroup;
			children = (
				F0DA5A59233B017D00B87C85 /* ALodjinhaUITests.swift */,
				F0DA5A5B233B017D00B87C85 /* Info.plist */,
			);
			path = ALodjinhaUITests;
			sourceTree = "<group>";
		};
/* End PBXGroup section */

/* Begin PBXNativeTarget section */
		F0DA5A35233B017B00B87C85 /* ALodjinha */ = {
			isa = PBXNativeTarget;
			buildConfigurationList = F0DA5A5E233B017D00B87C85 /* Build configuration list for PBXNativeTarget "ALodjinha" */;
			buildPhases = (
				67683528D1D1EB169A113097 /* [CP] Check Pods Manifest.lock */,
				F0DA5A32233B017B00B87C85 /* Sources */,
				F0DA5A33233B017B00B87C85 /* Frameworks */,
				F0DA5A34233B017B00B87C85 /* Resources */,
				860B7C07BFD45AC6AC666554 /* [CP] Embed Pods Frameworks */,
			);
			buildRules = (
			);
			dependencies = (
			);
			name = ALodjinha;
			productName = ALodjinha;
			productReference = F0DA5A36233B017B00B87C85 /* ALodjinha.app */;
			productType = "com.apple.product-type.application";
		};
		F0DA5A49233B017D00B87C85 /* ALodjinhaTests */ = {
			isa = PBXNativeTarget;
			buildConfigurationList = F0DA5A61233B017D00B87C85 /* Build configuration list for PBXNativeTarget "ALodjinhaTests" */;
			buildPhases = (
				F0DA5A46233B017D00B87C85 /* Sources */,
				F0DA5A47233B017D00B87C85 /* Frameworks */,
				F0DA5A48233B017D00B87C85 /* Resources */,
			);
			buildRules = (
			);
			dependencies = (
				F0DA5A4C233B017D00B87C85 /* PBXTargetDependency */,
			);
			name = ALodjinhaTests;
			productName = ALodjinhaTests;
			productReference = F0DA5A4A233B017D00B87C85 /* ALodjinhaTests.xctest */;
			productType = "com.apple.product-type.bundle.unit-test";
		};
		F0DA5A54233B017D00B87C85 /* ALodjinhaUITests */ = {
			isa = PBXNativeTarget;
			buildConfigurationList = F0DA5A64233B017D00B87C85 /* Build configuration list for PBXNativeTarget "ALodjinhaUITests" */;
			buildPhases = (
				F0DA5A51233B017D00B87C85 /* Sources */,
				F0DA5A52233B017D00B87C85 /* Frameworks */,
				F0DA5A53233B017D00B87C85 /* Resources */,
			);
			buildRules = (
			);
			dependencies = (
				F0DA5A57233B017D00B87C85 /* PBXTargetDependency */,
			);
			name = ALodjinhaUITests;
			productName = ALodjinhaUITests;
			productReference = F0DA5A55233B017D00B87C85 /* ALodjinhaUITests.xctest */;
			productType = "com.apple.product-type.bundle.ui-testing";
		};
/* End PBXNativeTarget section */

/* Begin PBXProject section */
		F0DA5A2E233B017B00B87C85 /* Project object */ = {
			isa = PBXProject;
			attributes = {
				LastSwiftUpdateCheck = 1030;
				LastUpgradeCheck = 1030;
				ORGANIZATIONNAME = tgr;
				TargetAttributes = {
					F0DA5A35233B017B00B87C85 = {
						CreatedOnToolsVersion = 10.3;
					};
					F0DA5A49233B017D00B87C85 = {
						CreatedOnToolsVersion = 10.3;
						TestTargetID = F0DA5A35233B017B00B87C85;
					};
					F0DA5A54233B017D00B87C85 = {
						CreatedOnToolsVersion = 10.3;
						TestTargetID = F0DA5A35233B017B00B87C85;
					};
				};
			};
			buildConfigurationList = F0DA5A31233B017B00B87C85 /* Build configuration list for PBXProject "ALodjinha" */;
			compatibilityVersion = "Xcode 9.3";
			developmentRegion = en;
			hasScannedForEncodings = 0;
			knownRegions = (
				en,
				Base,
			);
			mainGroup = F0DA5A2D233B017B00B87C85;
			productRefGroup = F0DA5A37233B017B00B87C85 /* Products */;
			projectDirPath = "";
			projectRoot = "";
			targets = (
				F0DA5A35233B017B00B87C85 /* ALodjinha */,
				F0DA5A49233B017D00B87C85 /* ALodjinhaTests */,
				F0DA5A54233B017D00B87C85 /* ALodjinhaUITests */,
			);
		};
/* End PBXProject section */

/* Begin PBXResourcesBuildPhase section */
		F0DA5A34233B017B00B87C85 /* Resources */ = {
			isa = PBXResourcesBuildPhase;
			buildActionMask = 2147483647;
			files = (
				F0B58CAA233C235F008A7359 /* Pacifico-Regular.ttf in Resources */,
				F0B58CC1233C235F008A7359 /* CategoryCollectionViewCell.xib in Resources */,
				F0DA5A44233B017C00B87C85 /* LaunchScreen.storyboard in Resources */,
				F0B58CC3233C235F008A7359 /* CategoryTableViewCell.xib in Resources */,
				F0B58CD6233C235F008A7359 /* ProductDescriptionTableViewCell.xib in Resources */,
				F0B58CBC233C235F008A7359 /* ProductTableViewCell.xib in Resources */,
				F0B58CDF233C235F008A7359 /* Main.storyboard in Resources */,
				F0DA5A41233B017C00B87C85 /* Assets.xcassets in Resources */,
				F0B58CD1233C235F008A7359 /* About.storyboard in Resources */,
				F0B58CCB233C235F008A7359 /* Category.storyboard in Resources */,
				F0B58CBA233C235F008A7359 /* Home.storyboard in Resources */,
				F0B58CD8233C235F008A7359 /* ProductPriceTableViewCell.xib in Resources */,
				F0B58CBD233C235F008A7359 /* BannerTableViewCell.xib in Resources */,
				F0B58CD4233C235F008A7359 /* ProductImageTableViewCell.xib in Resources */,
				F0B58CDB233C235F008A7359 /* ProductDetails.storyboard in Resources */,
			);
			runOnlyForDeploymentPostprocessing = 0;
		};
		F0DA5A48233B017D00B87C85 /* Resources */ = {
			isa = PBXResourcesBuildPhase;
			buildActionMask = 2147483647;
			files = (
			);
			runOnlyForDeploymentPostprocessing = 0;
		};
		F0DA5A53233B017D00B87C85 /* Resources */ = {
			isa = PBXResourcesBuildPhase;
			buildActionMask = 2147483647;
			files = (
			);
			runOnlyForDeploymentPostprocessing = 0;
		};
/* End PBXResourcesBuildPhase section */

/* Begin PBXShellScriptBuildPhase section */
		67683528D1D1EB169A113097 /* [CP] Check Pods Manifest.lock */ = {
			isa = PBXShellScriptBuildPhase;
			buildActionMask = 2147483647;
			files = (
			);
			inputFileListPaths = (
			);
			inputPaths = (
				"${PODS_PODFILE_DIR_PATH}/Podfile.lock",
				"${PODS_ROOT}/Manifest.lock",
			);
			name = "[CP] Check Pods Manifest.lock";
			outputFileListPaths = (
			);
			outputPaths = (
				"$(DERIVED_FILE_DIR)/Pods-ALodjinha-checkManifestLockResult.txt",
			);
			runOnlyForDeploymentPostprocessing = 0;
			shellPath = /bin/sh;
			shellScript = "diff \"${PODS_PODFILE_DIR_PATH}/Podfile.lock\" \"${PODS_ROOT}/Manifest.lock\" > /dev/null\nif [ $? != 0 ] ; then\n    # print error to STDERR\n    echo \"error: The sandbox is not in sync with the Podfile.lock. Run 'pod install' or update your CocoaPods installation.\" >&2\n    exit 1\nfi\n# This output is used by Xcode 'outputs' to avoid re-running this script phase.\necho \"SUCCESS\" > \"${SCRIPT_OUTPUT_FILE_0}\"\n";
			showEnvVarsInLog = 0;
		};
		860B7C07BFD45AC6AC666554 /* [CP] Embed Pods Frameworks */ = {
			isa = PBXShellScriptBuildPhase;
			buildActionMask = 2147483647;
			files = (
			);
			inputFileListPaths = (
			);
			inputPaths = (
				"${PODS_ROOT}/Target Support Files/Pods-ALodjinha/Pods-ALodjinha-frameworks.sh",
				"${BUILT_PRODUCTS_DIR}/Alamofire/Alamofire.framework",
				"${BUILT_PRODUCTS_DIR}/AlamofireImage/AlamofireImage.framework",
				"${BUILT_PRODUCTS_DIR}/SwiftyJSON/SwiftyJSON.framework",
			);
			name = "[CP] Embed Pods Frameworks";
			outputFileListPaths = (
			);
			outputPaths = (
				"${TARGET_BUILD_DIR}/${FRAMEWORKS_FOLDER_PATH}/Alamofire.framework",
				"${TARGET_BUILD_DIR}/${FRAMEWORKS_FOLDER_PATH}/AlamofireImage.framework",
				"${TARGET_BUILD_DIR}/${FRAMEWORKS_FOLDER_PATH}/SwiftyJSON.framework",
			);
			runOnlyForDeploymentPostprocessing = 0;
			shellPath = /bin/sh;
			shellScript = "\"${PODS_ROOT}/Target Support Files/Pods-ALodjinha/Pods-ALodjinha-frameworks.sh\"\n";
			showEnvVarsInLog = 0;
		};
/* End PBXShellScriptBuildPhase section */

/* Begin PBXSourcesBuildPhase section */
		F0DA5A32233B017B00B87C85 /* Sources */ = {
			isa = PBXSourcesBuildPhase;
			buildActionMask = 2147483647;
			files = (
				F0B58CD5233C235F008A7359 /* ProductDescriptionTableViewCell.swift in Sources */,
				F0B58CCF233C235F008A7359 /* AboutView.swift in Sources */,
				F0B58CAC233C235F008A7359 /* UITableViewExtension.swift in Sources */,
				F0B58CC5233C235F008A7359 /* HomeProtocols.swift in Sources */,
				F0B58CDC233C235F008A7359 /* ProductDetailsProtocols.swift in Sources */,
				F0B58CAB233C235F008A7359 /* UIStringExtension.swift in Sources */,
				F0B58CD3233C235F008A7359 /* ProductDetailsView.swift in Sources */,
				F0B58CAD233C235F008A7359 /* ReusableView.swift in Sources */,
				F0B58CBE233C235F008A7359 /* BannerTableViewCell.swift in Sources */,
				F0B58CB0233C235F008A7359 /* UIColorExtension+Theme.swift in Sources */,
				F0B58CB8233C235F008A7359 /* HomeRouter.swift in Sources */,
				F0B58CC7233C235F008A7359 /* Product.swift in Sources */,
				F0B58CCA233C235F008A7359 /* CategoryInteractor.swift in Sources */,
				F0B58CC6233C235F008A7359 /* ProductCategory.swift in Sources */,
				F0B58CBB233C235F008A7359 /* ProductTableViewCell.swift in Sources */,
				F0D6BEEA233DA4A000AD203C /* UIViewExtension.swift in Sources */,
				F0B58CBF233C235F008A7359 /* ProductTableDataSource.swift in Sources */,
				F0B58CD0233C235F008A7359 /* AboutRouter.swift in Sources */,
				F0B58CB6233C235F008A7359 /* RestApiManager.swift in Sources */,
				F0B58CD2233C235F008A7359 /* ProductDetailsInteractor.swift in Sources */,
				F0DA5A3A233B017B00B87C85 /* AppDelegate.swift in Sources */,
				F0B58CCE233C235F008A7359 /* CategoryRouter.swift in Sources */,
				F0B58CB4233C235F008A7359 /* BaseAlert.swift in Sources */,
				F0B58CCC233C235F008A7359 /* CategoryPresenter.swift in Sources */,
				F0B58CC2233C235F008A7359 /* CategoryTableViewCell.swift in Sources */,
				F0B58CC8233C235F008A7359 /* Banner.swift in Sources */,
				F0B58CDE233C235F008A7359 /* ProductDetailsPresenter.swift in Sources */,
				F0B58CDD233C235F008A7359 /* ProductDetailsRouter.swift in Sources */,
				F0B58CB3233C235F008A7359 /* BaseViewController.swift in Sources */,
				F0B58CB2233C235F008A7359 /* UIImageExtension.swift in Sources */,
				F0B58CB5233C235F008A7359 /* BaseNavigationController.swift in Sources */,
				F0B58CCD233C235F008A7359 /* CategoryProtocols.swift in Sources */,
				F0B58CB1233C235F008A7359 /* UIViewControllerExtension+Loading.swift in Sources */,
				F0B58CD9233C235F008A7359 /* ProductImageTableViewCell.swift in Sources */,
				F0B58CAF233C235F008A7359 /* UIFontExtension.swift in Sources */,
				F0B58CD7233C235F008A7359 /* ProductPriceTableViewCell.swift in Sources */,
				F0B58CC0233C235F008A7359 /* CategoryCollectionViewCell.swift in Sources */,
				F0B58CB9233C235F008A7359 /* HomeView.swift in Sources */,
				F0B58CAE233C235F008A7359 /* UICollectionViewExtension.swift in Sources */,
				F0B58CE0233C235F008A7359 /* MainView.swift in Sources */,
				F0B58CDA233C235F008A7359 /* ProductDetailsDataSource.swift in Sources */,
				F0B58CB7233C235F008A7359 /* HomeInteractor.swift in Sources */,
				F0B58CC4233C235F008A7359 /* HomePresenter.swift in Sources */,
				F0B58CC9233C235F008A7359 /* CategoryView.swift in Sources */,
				F0B58CE2233C2389008A7359 /* ThemeManager.swift in Sources */,
			);
			runOnlyForDeploymentPostprocessing = 0;
		};
		F0DA5A46233B017D00B87C85 /* Sources */ = {
			isa = PBXSourcesBuildPhase;
			buildActionMask = 2147483647;
			files = (
				F0DA5A4F233B017D00B87C85 /* ALodjinhaTests.swift in Sources */,
			);
			runOnlyForDeploymentPostprocessing = 0;
		};
		F0DA5A51233B017D00B87C85 /* Sources */ = {
			isa = PBXSourcesBuildPhase;
			buildActionMask = 2147483647;
			files = (
				F0DA5A5A233B017D00B87C85 /* ALodjinhaUITests.swift in Sources */,
			);
			runOnlyForDeploymentPostprocessing = 0;
		};
/* End PBXSourcesBuildPhase section */

/* Begin PBXTargetDependency section */
		F0DA5A4C233B017D00B87C85 /* PBXTargetDependency */ = {
			isa = PBXTargetDependency;
			target = F0DA5A35233B017B00B87C85 /* ALodjinha */;
			targetProxy = F0DA5A4B233B017D00B87C85 /* PBXContainerItemProxy */;
		};
		F0DA5A57233B017D00B87C85 /* PBXTargetDependency */ = {
			isa = PBXTargetDependency;
			target = F0DA5A35233B017B00B87C85 /* ALodjinha */;
			targetProxy = F0DA5A56233B017D00B87C85 /* PBXContainerItemProxy */;
		};
/* End PBXTargetDependency section */

/* Begin PBXVariantGroup section */
		F0B58CA7233C235F008A7359 /* Main.storyboard */ = {
			isa = PBXVariantGroup;
			children = (
				F0B58CA8233C235F008A7359 /* Base */,
			);
			name = Main.storyboard;
			sourceTree = "<group>";
		};
		F0DA5A42233B017C00B87C85 /* LaunchScreen.storyboard */ = {
			isa = PBXVariantGroup;
			children = (
				F0DA5A43233B017C00B87C85 /* Base */,
			);
			name = LaunchScreen.storyboard;
			sourceTree = "<group>";
		};
/* End PBXVariantGroup section */

/* Begin XCBuildConfiguration section */
		F0DA5A5C233B017D00B87C85 /* Debug */ = {
			isa = XCBuildConfiguration;
			buildSettings = {
				ALWAYS_SEARCH_USER_PATHS = NO;
				CLANG_ANALYZER_NONNULL = YES;
				CLANG_ANALYZER_NUMBER_OBJECT_CONVERSION = YES_AGGRESSIVE;
				CLANG_CXX_LANGUAGE_STANDARD = "gnu++14";
				CLANG_CXX_LIBRARY = "libc++";
				CLANG_ENABLE_MODULES = YES;
				CLANG_ENABLE_OBJC_ARC = YES;
				CLANG_ENABLE_OBJC_WEAK = YES;
				CLANG_WARN_BLOCK_CAPTURE_AUTORELEASING = YES;
				CLANG_WARN_BOOL_CONVERSION = YES;
				CLANG_WARN_COMMA = YES;
				CLANG_WARN_CONSTANT_CONVERSION = YES;
				CLANG_WARN_DEPRECATED_OBJC_IMPLEMENTATIONS = YES;
				CLANG_WARN_DIRECT_OBJC_ISA_USAGE = YES_ERROR;
				CLANG_WARN_DOCUMENTATION_COMMENTS = YES;
				CLANG_WARN_EMPTY_BODY = YES;
				CLANG_WARN_ENUM_CONVERSION = YES;
				CLANG_WARN_INFINITE_RECURSION = YES;
				CLANG_WARN_INT_CONVERSION = YES;
				CLANG_WARN_NON_LITERAL_NULL_CONVERSION = YES;
				CLANG_WARN_OBJC_IMPLICIT_RETAIN_SELF = YES;
				CLANG_WARN_OBJC_LITERAL_CONVERSION = YES;
				CLANG_WARN_OBJC_ROOT_CLASS = YES_ERROR;
				CLANG_WARN_RANGE_LOOP_ANALYSIS = YES;
				CLANG_WARN_STRICT_PROTOTYPES = YES;
				CLANG_WARN_SUSPICIOUS_MOVE = YES;
				CLANG_WARN_UNGUARDED_AVAILABILITY = YES_AGGRESSIVE;
				CLANG_WARN_UNREACHABLE_CODE = YES;
				CLANG_WARN__DUPLICATE_METHOD_MATCH = YES;
				CODE_SIGN_IDENTITY = "iPhone Developer";
				COPY_PHASE_STRIP = NO;
				DEBUG_INFORMATION_FORMAT = dwarf;
				ENABLE_STRICT_OBJC_MSGSEND = YES;
				ENABLE_TESTABILITY = YES;
				GCC_C_LANGUAGE_STANDARD = gnu11;
				GCC_DYNAMIC_NO_PIC = NO;
				GCC_NO_COMMON_BLOCKS = YES;
				GCC_OPTIMIZATION_LEVEL = 0;
				GCC_PREPROCESSOR_DEFINITIONS = (
					"DEBUG=1",
					"$(inherited)",
				);
				GCC_WARN_64_TO_32_BIT_CONVERSION = YES;
				GCC_WARN_ABOUT_RETURN_TYPE = YES_ERROR;
				GCC_WARN_UNDECLARED_SELECTOR = YES;
				GCC_WARN_UNINITIALIZED_AUTOS = YES_AGGRESSIVE;
				GCC_WARN_UNUSED_FUNCTION = YES;
				GCC_WARN_UNUSED_VARIABLE = YES;
				IPHONEOS_DEPLOYMENT_TARGET = 12.4;
				MTL_ENABLE_DEBUG_INFO = INCLUDE_SOURCE;
				MTL_FAST_MATH = YES;
				ONLY_ACTIVE_ARCH = YES;
				SDKROOT = iphoneos;
				SWIFT_ACTIVE_COMPILATION_CONDITIONS = DEBUG;
				SWIFT_OPTIMIZATION_LEVEL = "-Onone";
			};
			name = Debug;
		};
		F0DA5A5D233B017D00B87C85 /* Release */ = {
			isa = XCBuildConfiguration;
			buildSettings = {
				ALWAYS_SEARCH_USER_PATHS = NO;
				CLANG_ANALYZER_NONNULL = YES;
				CLANG_ANALYZER_NUMBER_OBJECT_CONVERSION = YES_AGGRESSIVE;
				CLANG_CXX_LANGUAGE_STANDARD = "gnu++14";
				CLANG_CXX_LIBRARY = "libc++";
				CLANG_ENABLE_MODULES = YES;
				CLANG_ENABLE_OBJC_ARC = YES;
				CLANG_ENABLE_OBJC_WEAK = YES;
				CLANG_WARN_BLOCK_CAPTURE_AUTORELEASING = YES;
				CLANG_WARN_BOOL_CONVERSION = YES;
				CLANG_WARN_COMMA = YES;
				CLANG_WARN_CONSTANT_CONVERSION = YES;
				CLANG_WARN_DEPRECATED_OBJC_IMPLEMENTATIONS = YES;
				CLANG_WARN_DIRECT_OBJC_ISA_USAGE = YES_ERROR;
				CLANG_WARN_DOCUMENTATION_COMMENTS = YES;
				CLANG_WARN_EMPTY_BODY = YES;
				CLANG_WARN_ENUM_CONVERSION = YES;
				CLANG_WARN_INFINITE_RECURSION = YES;
				CLANG_WARN_INT_CONVERSION = YES;
				CLANG_WARN_NON_LITERAL_NULL_CONVERSION = YES;
				CLANG_WARN_OBJC_IMPLICIT_RETAIN_SELF = YES;
				CLANG_WARN_OBJC_LITERAL_CONVERSION = YES;
				CLANG_WARN_OBJC_ROOT_CLASS = YES_ERROR;
				CLANG_WARN_RANGE_LOOP_ANALYSIS = YES;
				CLANG_WARN_STRICT_PROTOTYPES = YES;
				CLANG_WARN_SUSPICIOUS_MOVE = YES;
				CLANG_WARN_UNGUARDED_AVAILABILITY = YES_AGGRESSIVE;
				CLANG_WARN_UNREACHABLE_CODE = YES;
				CLANG_WARN__DUPLICATE_METHOD_MATCH = YES;
				CODE_SIGN_IDENTITY = "iPhone Developer";
				COPY_PHASE_STRIP = NO;
				DEBUG_INFORMATION_FORMAT = "dwarf-with-dsym";
				ENABLE_NS_ASSERTIONS = NO;
				ENABLE_STRICT_OBJC_MSGSEND = YES;
				GCC_C_LANGUAGE_STANDARD = gnu11;
				GCC_NO_COMMON_BLOCKS = YES;
				GCC_WARN_64_TO_32_BIT_CONVERSION = YES;
				GCC_WARN_ABOUT_RETURN_TYPE = YES_ERROR;
				GCC_WARN_UNDECLARED_SELECTOR = YES;
				GCC_WARN_UNINITIALIZED_AUTOS = YES_AGGRESSIVE;
				GCC_WARN_UNUSED_FUNCTION = YES;
				GCC_WARN_UNUSED_VARIABLE = YES;
				IPHONEOS_DEPLOYMENT_TARGET = 12.4;
				MTL_ENABLE_DEBUG_INFO = NO;
				MTL_FAST_MATH = YES;
				SDKROOT = iphoneos;
				SWIFT_COMPILATION_MODE = wholemodule;
				SWIFT_OPTIMIZATION_LEVEL = "-O";
				VALIDATE_PRODUCT = YES;
			};
			name = Release;
		};
		F0DA5A5F233B017D00B87C85 /* Debug */ = {
			isa = XCBuildConfiguration;
			baseConfigurationReference = 8AD94B9E15A4B01A88172FA0 /* Pods-ALodjinha.debug.xcconfig */;
			buildSettings = {
				ASSETCATALOG_COMPILER_APPICON_NAME = AppIcon;
				CODE_SIGN_STYLE = Automatic;
				INFOPLIST_FILE = ALodjinha/Info.plist;
				IPHONEOS_DEPLOYMENT_TARGET = 9.0;
				LD_RUNPATH_SEARCH_PATHS = (
					"$(inherited)",
					"@executable_path/Frameworks",
				);
				PRODUCT_BUNDLE_IDENTIFIER = br.com.ALodjinha;
				PRODUCT_NAME = "$(TARGET_NAME)";
				SWIFT_VERSION = 5.0;
				TARGETED_DEVICE_FAMILY = "1,2";
			};
			name = Debug;
		};
		F0DA5A60233B017D00B87C85 /* Release */ = {
			isa = XCBuildConfiguration;
			baseConfigurationReference = 2400238DA5EA0883482EBAEB /* Pods-ALodjinha.release.xcconfig */;
			buildSettings = {
				ASSETCATALOG_COMPILER_APPICON_NAME = AppIcon;
				CODE_SIGN_STYLE = Automatic;
				INFOPLIST_FILE = ALodjinha/Info.plist;
				IPHONEOS_DEPLOYMENT_TARGET = 9.0;
				LD_RUNPATH_SEARCH_PATHS = (
					"$(inherited)",
					"@executable_path/Frameworks",
				);
				PRODUCT_BUNDLE_IDENTIFIER = br.com.ALodjinha;
				PRODUCT_NAME = "$(TARGET_NAME)";
				SWIFT_VERSION = 5.0;
				TARGETED_DEVICE_FAMILY = "1,2";
			};
			name = Release;
		};
		F0DA5A62233B017D00B87C85 /* Debug */ = {
			isa = XCBuildConfiguration;
			buildSettings = {
				ALWAYS_EMBED_SWIFT_STANDARD_LIBRARIES = YES;
				BUNDLE_LOADER = "$(TEST_HOST)";
				CODE_SIGN_STYLE = Automatic;
				INFOPLIST_FILE = ALodjinhaTests/Info.plist;
				LD_RUNPATH_SEARCH_PATHS = (
					"$(inherited)",
					"@executable_path/Frameworks",
					"@loader_path/Frameworks",
				);
				PRODUCT_BUNDLE_IDENTIFIER = br.com.ALodjinhaTests;
				PRODUCT_NAME = "$(TARGET_NAME)";
				SWIFT_VERSION = 5.0;
				TARGETED_DEVICE_FAMILY = "1,2";
				TEST_HOST = "$(BUILT_PRODUCTS_DIR)/ALodjinha.app/ALodjinha";
			};
			name = Debug;
		};
		F0DA5A63233B017D00B87C85 /* Release */ = {
			isa = XCBuildConfiguration;
			buildSettings = {
				ALWAYS_EMBED_SWIFT_STANDARD_LIBRARIES = YES;
				BUNDLE_LOADER = "$(TEST_HOST)";
				CODE_SIGN_STYLE = Automatic;
				INFOPLIST_FILE = ALodjinhaTests/Info.plist;
				LD_RUNPATH_SEARCH_PATHS = (
					"$(inherited)",
					"@executable_path/Frameworks",
					"@loader_path/Frameworks",
				);
				PRODUCT_BUNDLE_IDENTIFIER = br.com.ALodjinhaTests;
				PRODUCT_NAME = "$(TARGET_NAME)";
				SWIFT_VERSION = 5.0;
				TARGETED_DEVICE_FAMILY = "1,2";
				TEST_HOST = "$(BUILT_PRODUCTS_DIR)/ALodjinha.app/ALodjinha";
			};
			name = Release;
		};
		F0DA5A65233B017D00B87C85 /* Debug */ = {
			isa = XCBuildConfiguration;
			buildSettings = {
				ALWAYS_EMBED_SWIFT_STANDARD_LIBRARIES = YES;
				CODE_SIGN_STYLE = Automatic;
				INFOPLIST_FILE = ALodjinhaUITests/Info.plist;
				LD_RUNPATH_SEARCH_PATHS = (
					"$(inherited)",
					"@executable_path/Frameworks",
					"@loader_path/Frameworks",
				);
				PRODUCT_BUNDLE_IDENTIFIER = br.com.ALodjinhaUITests;
				PRODUCT_NAME = "$(TARGET_NAME)";
				SWIFT_VERSION = 5.0;
				TARGETED_DEVICE_FAMILY = "1,2";
				TEST_TARGET_NAME = ALodjinha;
			};
			name = Debug;
		};
		F0DA5A66233B017D00B87C85 /* Release */ = {
			isa = XCBuildConfiguration;
			buildSettings = {
				ALWAYS_EMBED_SWIFT_STANDARD_LIBRARIES = YES;
				CODE_SIGN_STYLE = Automatic;
				INFOPLIST_FILE = ALodjinhaUITests/Info.plist;
				LD_RUNPATH_SEARCH_PATHS = (
					"$(inherited)",
					"@executable_path/Frameworks",
					"@loader_path/Frameworks",
				);
				PRODUCT_BUNDLE_IDENTIFIER = br.com.ALodjinhaUITests;
				PRODUCT_NAME = "$(TARGET_NAME)";
				SWIFT_VERSION = 5.0;
				TARGETED_DEVICE_FAMILY = "1,2";
				TEST_TARGET_NAME = ALodjinha;
			};
			name = Release;
		};
/* End XCBuildConfiguration section */

/* Begin XCConfigurationList section */
		F0DA5A31233B017B00B87C85 /* Build configuration list for PBXProject "ALodjinha" */ = {
			isa = XCConfigurationList;
			buildConfigurations = (
				F0DA5A5C233B017D00B87C85 /* Debug */,
				F0DA5A5D233B017D00B87C85 /* Release */,
			);
			defaultConfigurationIsVisible = 0;
			defaultConfigurationName = Release;
		};
		F0DA5A5E233B017D00B87C85 /* Build configuration list for PBXNativeTarget "ALodjinha" */ = {
			isa = XCConfigurationList;
			buildConfigurations = (
				F0DA5A5F233B017D00B87C85 /* Debug */,
				F0DA5A60233B017D00B87C85 /* Release */,
			);
			defaultConfigurationIsVisible = 0;
			defaultConfigurationName = Release;
		};
		F0DA5A61233B017D00B87C85 /* Build configuration list for PBXNativeTarget "ALodjinhaTests" */ = {
			isa = XCConfigurationList;
			buildConfigurations = (
				F0DA5A62233B017D00B87C85 /* Debug */,
				F0DA5A63233B017D00B87C85 /* Release */,
			);
			defaultConfigurationIsVisible = 0;
			defaultConfigurationName = Release;
		};
		F0DA5A64233B017D00B87C85 /* Build configuration list for PBXNativeTarget "ALodjinhaUITests" */ = {
			isa = XCConfigurationList;
			buildConfigurations = (
				F0DA5A65233B017D00B87C85 /* Debug */,
				F0DA5A66233B017D00B87C85 /* Release */,
			);
			defaultConfigurationIsVisible = 0;
			defaultConfigurationName = Release;
		};
/* End XCConfigurationList section */
	};
	rootObject = F0DA5A2E233B017B00B87C85 /* Project object */;
}
